{
    "_readme": [
        "This file locks the dependencies of your project to a known state",
        "Read more about it at https://getcomposer.org/doc/01-basic-usage.md#composer-lock-the-lock-file",
        "This file is @generated automatically"
    ],
    "content-hash": "43cc074ebd3b2d00fc8dbf4af2569c06",
    "packages": [
        {
            "name": "slince/composer-alias",
            "version": "dev-master",
            "dist": {
                "type": "path",
                "url": "../composer-alias",
                "reference": "d517026e087a08a099a1be001cbc6d54d2219c7d",
                "shasum": null
            },
            "require": {
                "composer-plugin-api": "^1.0",
                "php": ">=5.6"
            },
            "require-dev": {
                "composer/composer": "^1.0"
            },
            "type": "composer-plugin",
            "extra": {
                "class": "Slince\\ComposerAlias\\ComposerAlias"
            },
            "autoload": {
                "psr-4": {
                    "Slince\\ComposerAlias\\": "src/"
                }
            },
            "autoload-dev": {
                "psr-4": {
                    "Slince\\ComposerAlias\\Test\\": "tests/"
                }
            },
            "license": [
                "MIT"
            ]
        }
    ],
    "packages-dev": [],
    "aliases": [],
    "minimum-stability": "stable",
    "stability-flags": {
        "slince/composer-alias": 20
    },
    "prefer-stable": false,
    "prefer-lowest": false,
    "platform": [],
    "platform-dev": []
}
